
Microsoft Visual Studio Solution File, Format Version 12.00
# Visual Studio Version 16
VisualStudioVersion = 16.0.28803.202
MinimumVisualStudioVersion = 10.0.40219.1
Project("{FAE04EC0-301F-11D3-BF4B-00C04F79EFBC}") = "ElasticsearchTika", "ElasticsearchTika\ElasticsearchTika.csproj", "{1D2AD5DC-84F4-41C0-8A67-D1BE943108FA}"
EndProject
Global
	GlobalSection(SolutionConfigurationPlatforms) = preSolution
		Debug|Any CPU = Debug|Any CPU
		Release|Any CPU = Release|Any CPU
	EndGlobalSection
	GlobalSection(ProjectConfigurationPlatforms) = postSolution
		{1D2AD5DC-84F4-41C0-8A67-D1BE943108FA}.Debug|Any CPU.ActiveCfg = Debug|Any CPU
		{1D2AD5DC-84F4-41C0-8A67-D1BE943108FA}.Debug|Any CPU.Build.0 = Debug|Any CPU
		{1D2AD5DC-84F4-41C0-8A67-D1BE943108FA}.Release|Any CPU.ActiveCfg = Release|Any CPU
		{1D2AD5DC-84F4-41C0-8A67-D1BE943108FA}.Release|Any CPU.Build.0 = Release|Any CPU
	EndGlobalSection
	GlobalSection(SolutionProperties) = preSolution
		HideSolutionNode = FALSE
	EndGlobalSection
	GlobalSection(ExtensibilityGlobals) = postSolution
		SolutionGuid = {838921E5-0CF4-4D44-901A-8F60CC4EC149}
	EndGlobalSection
EndGlobal
